// !$*UTF8*$!
{
	archiveVersion = 1;
	classes = {
	};
	objectVersion = 46;
	objects = {

/* Begin PBXBuildFile section */
		96077AFC1A345F9500217CA0 /* AppDelegate.swift in Sources */ = {isa = PBXBuildFile; fileRef = 96077AFB1A345F9500217CA0 /* AppDelegate.swift */; };
		96077B011A345F9500217CA0 /* Main.storyboard in Resources */ = {isa = PBXBuildFile; fileRef = 96077AFF1A345F9500217CA0 /* Main.storyboard */; };
		96077B031A345F9500217CA0 /* Images.xcassets in Resources */ = {isa = PBXBuildFile; fileRef = 96077B021A345F9500217CA0 /* Images.xcassets */; };
		96077B061A345F9500217CA0 /* LaunchScreen.xib in Resources */ = {isa = PBXBuildFile; fileRef = 96077B041A345F9500217CA0 /* LaunchScreen.xib */; };
		96077B121A345F9500217CA0 /* MyFirstAppTests.swift in Sources */ = {isa = PBXBuildFile; fileRef = 96077B111A345F9500217CA0 /* MyFirstAppTests.swift */; };
		96077B1C1A347A0200217CA0 /* NewsTableViewController.swift in Sources */ = {isa = PBXBuildFile; fileRef = 96077B1B1A347A0200217CA0 /* NewsTableViewController.swift */; };
		96EBCA811A35D02E00CE791D /* DetailViewController.swift in Sources */ = {isa = PBXBuildFile; fileRef = 96EBCA801A35D02E00CE791D /* DetailViewController.swift */; };
/* End PBXBuildFile section */

/* Begin PBXContainerItemProxy section */
		96077B0C1A345F9500217CA0 /* PBXContainerItemProxy */ = {
			isa = PBXContainerItemProxy;
			containerPortal = 96077AEE1A345F9500217CA0 /* Project object */;
			proxyType = 1;
			remoteGlobalIDString = 96077AF51A345F9500217CA0;
			remoteInfo = MyFirstApp;
		};
/* End PBXContainerItemProxy section */

/* Begin PBXFileReference section */
		96077AF61A345F9500217CA0 /* MyFirstApp.app */ = {isa = PBXFileReference; explicitFileType = wrapper.application; includeInIndex = 0; path = MyFirstApp.app; sourceTree = BUILT_PRODUCTS_DIR; };
		96077AFA1A345F9500217CA0 /* Info.plist */ = {isa = PBXFileReference; lastKnownFileType = text.plist.xml; path = Info.plist; sourceTree = "<group>"; };
		96077AFB1A345F9500217CA0 /* AppDelegate.swift */ = {isa = PBXFileReference; lastKnownFileType = sourcecode.swift; path = AppDelegate.swift; sourceTree = "<group>"; };
		96077B001A345F9500217CA0 /* Base */ = {isa = PBXFileReference; lastKnownFileType = file.storyboard; name = Base; path = Base.lproj/Main.storyboard; sourceTree = "<group>"; };
		96077B021A345F9500217CA0 /* Images.xcassets */ = {isa = PBXFileReference; lastKnownFileType = folder.assetcatalog; path = Images.xcassets; sourceTree = "<group>"; };
		96077B051A345F9500217CA0 /* Base */ = {isa = PBXFileReference; lastKnownFileType = file.xib; name = Base; path = Base.lproj/LaunchScreen.xib; sourceTree = "<group>"; };
		96077B0B1A345F9500217CA0 /* MyFirstAppTests.xctest */ = {isa = PBXFileReference; explicitFileType = wrapper.cfbundle; includeInIndex = 0; path = MyFirstAppTests.xctest; sourceTree = BUILT_PRODUCTS_DIR; };
		96077B101A345F9500217CA0 /* Info.plist */ = {isa = PBXFileReference; lastKnownFileType = text.plist.xml; path = Info.plist; sourceTree = "<group>"; };
		96077B111A345F9500217CA0 /* MyFirstAppTests.swift */ = {isa = PBXFileReference; lastKnownFileType = sourcecode.swift; path = MyFirstAppTests.swift; sourceTree = "<group>"; };
		96077B1B1A347A0200217CA0 /* NewsTableViewController.swift */ = {isa = PBXFileReference; fileEncoding = 4; lastKnownFileType = sourcecode.swift; path = NewsTableViewController.swift; sourceTree = "<group>"; };
		96EBCA801A35D02E00CE791D /* DetailViewController.swift */ = {isa = PBXFileReference; fileEncoding = 4; lastKnownFileType = sourcecode.swift; path = DetailViewController.swift; sourceTree = "<group>"; };
/* End PBXFileReference section */

/* Begin PBXFrameworksBuildPhase section */
		96077AF31A345F9500217CA0 /* Frameworks */ = {
			isa = PBXFrameworksBuildPhase;
			buildActionMask = 2147483647;
			files = (
			);
			runOnlyForDeploymentPostprocessing = 0;
		};
		96077B081A345F9500217CA0 /* Frameworks */ = {
			isa = PBXFrameworksBuildPhase;
			buildActionMask = 2147483647;
			files = (
			);
			runOnlyForDeploymentPostprocessing = 0;
		};
/* End PBXFrameworksBuildPhase section */

/* Begin PBXGroup section */
		96077AED1A345F9500217CA0 = {
			isa = PBXGroup;
			children = (
				96077AF81A345F9500217CA0 /* MyFirstApp */,
				96077B0E1A345F9500217CA0 /* MyFirstAppTests */,
				96077AF71A345F9500217CA0 /* Products */,
			);
			sourceTree = "<group>";
		};
		96077AF71A345F9500217CA0 /* Products */ = {
			isa = PBXGroup;
			children = (
				96077AF61A345F9500217CA0 /* MyFirstApp.app */,
				96077B0B1A345F9500217CA0 /* MyFirstAppTests.xctest */,
			);
			name = Products;
			sourceTree = "<group>";
		};
		96077AF81A345F9500217CA0 /* MyFirstApp */ = {
			isa = PBXGroup;
			children = (
				96077AFB1A345F9500217CA0 /* AppDelegate.swift */,
				96077B1B1A347A0200217CA0 /* NewsTableViewController.swift */,
				96EBCA801A35D02E00CE791D /* DetailViewController.swift */,
				96077AFF1A345F9500217CA0 /* Main.storyboard */,
				96077B021A345F9500217CA0 /* Images.xcassets */,
				96077B041A345F9500217CA0 /* LaunchScreen.xib */,
				96077AF91A345F9500217CA0 /* Supporting Files */,
			);
			path = MyFirstApp;
			sourceTree = "<group>";
		};
		96077AF91A345F9500217CA0 /* Supporting Files */ = {
			isa = PBXGroup;
			children = (
				96077AFA1A345F9500217CA0 /* Info.plist */,
			);
			name = "Supporting Files";
			sourceTree = "<group>";
		};
		96077B0E1A345F9500217CA0 /* MyFirstAppTests */ = {
			isa = PBXGroup;
			children = (
				96077B111A345F9500217CA0 /* MyFirstAppTests.swift */,
				96077B0F1A345F9500217CA0 /* Supporting Files */,
			);
			path = MyFirstAppTests;
			sourceTree = "<group>";
		};
		96077B0F1A345F9500217CA0 /* Supporting Files */ = {
			isa = PBXGroup;
			children = (
				96077B101A345F9500217CA0 /* Info.plist */,
			);
			name = "Supporting Files";
			sourceTree = "<group>";
		};
/* End PBXGroup section */

/* Begin PBXNativeTarget section */
		96077AF51A345F9500217CA0 /* MyFirstApp */ = {
			isa = PBXNativeTarget;
			buildConfigurationList = 96077B151A345F9500217CA0 /* Build configuration list for PBXNativeTarget "MyFirstApp" */;
			buildPhases = (
				96077AF21A345F9500217CA0 /* Sources */,
				96077AF31A345F9500217CA0 /* Frameworks */,
				96077AF41A345F9500217CA0 /* Resources */,
			);
			buildRules = (
			);
			dependencies = (
			);
			name = MyFirstApp;
			productName = MyFirstApp;
			productReference = 96077AF61A345F9500217CA0 /* MyFirstApp.app */;
			productType = "com.apple.product-type.application";
		};
		96077B0A1A345F9500217CA0 /* MyFirstAppTests */ = {
			isa = PBXNativeTarget;
			buildConfigurationList = 96077B181A345F9500217CA0 /* Build configuration list for PBXNativeTarget "MyFirstAppTests" */;
			buildPhases = (
				96077B071A345F9500217CA0 /* Sources */,
				96077B081A345F9500217CA0 /* Frameworks */,
				96077B091A345F9500217CA0 /* Resources */,
			);
			buildRules = (
			);
			dependencies = (
				96077B0D1A345F9500217CA0 /* PBXTargetDependency */,
			);
			name = MyFirstAppTests;
			productName = MyFirstAppTests;
			productReference = 96077B0B1A345F9500217CA0 /* MyFirstAppTests.xctest */;
			productType = "com.apple.product-type.bundle.unit-test";
		};
/* End PBXNativeTarget section */

/* Begin PBXProject section */
		96077AEE1A345F9500217CA0 /* Project object */ = {
			isa = PBXProject;
			attributes = {
				LastUpgradeCheck = 0610;
				ORGANIZATIONNAME = TechLogics;
				TargetAttributes = {
					96077AF51A345F9500217CA0 = {
						CreatedOnToolsVersion = 6.1;
					};
					96077B0A1A345F9500217CA0 = {
						CreatedOnToolsVersion = 6.1;
						TestTargetID = 96077AF51A345F9500217CA0;
					};
				};
			};
			buildConfigurationList = 96077AF11A345F9500217CA0 /* Build configuration list for PBXProject "MyFirstApp" */;
			compatibilityVersion = "Xcode 3.2";
			developmentRegion = English;
			hasScannedForEncodings = 0;
			knownRegions = (
				en,
				Base,
			);
			mainGroup = 96077AED1A345F9500217CA0;
			productRefGroup = 96077AF71A345F9500217CA0 /* Products */;
			projectDirPath = "";
			projectRoot = "";
			targets = (
				96077AF51A345F9500217CA0 /* MyFirstApp */,
				96077B0A1A345F9500217CA0 /* MyFirstAppTests */,
			);
		};
/* End PBXProject section */

/* Begin PBXResourcesBuildPhase section */
		96077AF41A345F9500217CA0 /* Resources */ = {
			isa = PBXResourcesBuildPhase;
			buildActionMask = 2147483647;
			files = (
				96077B011A345F9500217CA0 /* Main.storyboard in Resources */,
				96077B061A345F9500217CA0 /* LaunchScreen.xib in Resources */,
				96077B031A345F9500217CA0 /* Images.xcassets in Resources */,
			);
			runOnlyForDeploymentPostprocessing = 0;
		};
		96077B091A345F9500217CA0 /* Resources */ = {
			isa = PBXResourcesBuildPhase;
			buildActionMask = 2147483647;
			files = (
			);
			runOnlyForDeploymentPostprocessing = 0;
		};
/* End PBXResourcesBuildPhase section */

/* Begin PBXSourcesBuildPhase section */
		96077AF21A345F9500217CA0 /* Sources */ = {
			isa = PBXSourcesBuildPhase;
			buildActionMask = 2147483647;
			files = (
				96EBCA811A35D02E00CE791D /* DetailViewController.swift in Sources */,
				96077B1C1A347A0200217CA0 /* NewsTableViewController.swift in Sources */,
				96077AFC1A345F9500217CA0 /* AppDelegate.swift in Sources */,
			);
			runOnlyForDeploymentPostprocessing = 0;
		};
		96077B071A345F9500217CA0 /* Sources */ = {
			isa = PBXSourcesBuildPhase;
			buildActionMask = 2147483647;
			files = (
				96077B121A345F9500217CA0 /* MyFirstAppTests.swift in Sources */,
			);
			runOnlyForDeploymentPostprocessing = 0;
		};
/* End PBXSourcesBuildPhase section */

/* Begin PBXTargetDependency section */
		96077B0D1A345F9500217CA0 /* PBXTargetDependency */ = {
			isa = PBXTargetDependency;
			target = 96077AF51A345F9500217CA0 /* MyFirstApp */;
			targetProxy = 96077B0C1A345F9500217CA0 /* PBXContainerItemProxy */;
		};
/* End PBXTargetDependency section */

/* Begin PBXVariantGroup section */
		96077AFF1A345F9500217CA0 /* Main.storyboard */ = {
			isa = PBXVariantGroup;
			children = (
				96077B001A345F9500217CA0 /* Base */,
			);
			name = Main.storyboard;
			sourceTree = "<group>";
		};
		96077B041A345F9500217CA0 /* LaunchScreen.xib */ = {
			isa = PBXVariantGroup;
			children = (
				96077B051A345F9500217CA0 /* Base */,
			);
			name = LaunchScreen.xib;
			sourceTree = "<group>";
		};
/* End PBXVariantGroup section */

/* Begin XCBuildConfiguration section */
		96077B131A345F9500217CA0 /* Debug */ = {
			isa = XCBuildConfiguration;
			buildSettings = {
				ALWAYS_SEARCH_USER_PATHS = NO;
				CLANG_CXX_LANGUAGE_STANDARD = "gnu++0x";
				CLANG_CXX_LIBRARY = "libc++";
				CLANG_ENABLE_MODULES = YES;
				CLANG_ENABLE_OBJC_ARC = YES;
				CLANG_WARN_BOOL_CONVERSION = YES;
				CLANG_WARN_CONSTANT_CONVERSION = YES;
				CLANG_WARN_DIRECT_OBJC_ISA_USAGE = YES_ERROR;
				CLANG_WARN_EMPTY_BODY = YES;
				CLANG_WARN_ENUM_CONVERSION = YES;
				CLANG_WARN_INT_CONVERSION = YES;
				CLANG_WARN_OBJC_ROOT_CLASS = YES_ERROR;
				CLANG_WARN_UNREACHABLE_CODE = YES;
				CLANG_WARN__DUPLICATE_METHOD_MATCH = YES;
				"CODE_SIGN_IDENTITY[sdk=iphoneos*]" = "iPhone Developer";
				COPY_PHASE_STRIP = NO;
				ENABLE_STRICT_OBJC_MSGSEND = YES;
				GCC_C_LANGUAGE_STANDARD = gnu99;
				GCC_DYNAMIC_NO_PIC = NO;
				GCC_OPTIMIZATION_LEVEL = 0;
				GCC_PREPROCESSOR_DEFINITIONS = (
					"DEBUG=1",
					"$(inherited)",
				);
				GCC_SYMBOLS_PRIVATE_EXTERN = NO;
				GCC_WARN_64_TO_32_BIT_CONVERSION = YES;
				GCC_WARN_ABOUT_RETURN_TYPE = YES_ERROR;
				GCC_WARN_UNDECLARED_SELECTOR = YES;
				GCC_WARN_UNINITIALIZED_AUTOS = YES_AGGRESSIVE;
				GCC_WARN_UNUSED_FUNCTION = YES;
				GCC_WARN_UNUSED_VARIABLE = YES;
				IPHONEOS_DEPLOYMENT_TARGET = 8.1;
				MTL_ENABLE_DEBUG_INFO = YES;
				ONLY_ACTIVE_ARCH = YES;
				SDKROOT = iphoneos;
				SWIFT_OPTIMIZATION_LEVEL = "-Onone";
			};
			name = Debug;
		};
		96077B141A345F9500217CA0 /* Release */ = {
			isa = XCBuildConfiguration;
			buildSettings = {
				ALWAYS_SEARCH_USER_PATHS = NO;
				CLANG_CXX_LANGUAGE_STANDARD = "gnu++0x";
				CLANG_CXX_LIBRARY = "libc++";
				CLANG_ENABLE_MODULES = YES;
				CLANG_ENABLE_OBJC_ARC = YES;
				CLANG_WARN_BOOL_CONVERSION = YES;
				CLANG_WARN_CONSTANT_CONVERSION = YES;
				CLANG_WARN_DIRECT_OBJC_ISA_USAGE = YES_ERROR;
				CLANG_WARN_EMPTY_BODY = YES;
				CLANG_WARN_ENUM_CONVERSION = YES;
				CLANG_WARN_INT_CONVERSION = YES;
				CLANG_WARN_OBJC_ROOT_CLASS = YES_ERROR;
				CLANG_WARN_UNREACHABLE_CODE = YES;
				CLANG_WARN__DUPLICATE_METHOD_MATCH = YES;
				"CODE_SIGN_IDENTITY[sdk=iphoneos*]" = "iPhone Developer";
				COPY_PHASE_STRIP = YES;
				ENABLE_NS_ASSERTIONS = NO;
				ENABLE_STRICT_OBJC_MSGSEND = YES;
				GCC_C_LANGUAGE_STANDARD = gnu99;
				GCC_WARN_64_TO_32_BIT_CONVERSION = YES;
				GCC_WARN_ABOUT_RETURN_TYPE = YES_ERROR;
				GCC_WARN_UNDECLARED_SELECTOR = YES;
				GCC_WARN_UNINITIALIZED_AUTOS = YES_AGGRESSIVE;
				GCC_WARN_UNUSED_FUNCTION = YES;
				GCC_WARN_UNUSED_VARIABLE = YES;
				IPHONEOS_DEPLOYMENT_TARGET = 8.1;
				MTL_ENABLE_DEBUG_INFO = NO;
				SDKROOT = iphoneos;
				VALIDATE_PRODUCT = YES;
			};
			name = Release;
		};
		96077B161A345F9500217CA0 /* Debug */ = {
			isa = XCBuildConfiguration;
			buildSettings = {
				ASSETCATALOG_COMPILER_APPICON_NAME = AppIcon;
				INFOPLIST_FILE = MyFirstApp/Info.plist;
				LD_RUNPATH_SEARCH_PATHS = "$(inherited) @executable_path/Frameworks";
				PRODUCT_NAME = "$(TARGET_NAME)";
			};
			name = Debug;
		};
		96077B171A345F9500217CA0 /* Release */ = {
			isa = XCBuildConfiguration;
			buildSettings = {
				ASSETCATALOG_COMPILER_APPICON_NAME = AppIcon;
				INFOPLIST_FILE = MyFirstApp/Info.plist;
				LD_RUNPATH_SEARCH_PATHS = "$(inherited) @executable_path/Frameworks";
				PRODUCT_NAME = "$(TARGET_NAME)";
			};
			name = Release;
		};
		96077B191A345F9500217CA0 /* Debug */ = {
			isa = XCBuildConfiguration;
			buildSettings = {
				BUNDLE_LOADER = "$(TEST_HOST)";
				FRAMEWORK_SEARCH_PATHS = (
					"$(SDKROOT)/Developer/Library/Frameworks",
					"$(inherited)",
				);
				GCC_PREPROCESSOR_DEFINITIONS = (
					"DEBUG=1",
					"$(inherited)",
				);
				INFOPLIST_FILE = MyFirstAppTests/Info.plist;
				LD_RUNPATH_SEARCH_PATHS = "$(inherited) @executable_path/Frameworks @loader_path/Frameworks";
				PRODUCT_NAME = "$(TARGET_NAME)";
				TEST_HOST = "$(BUILT_PRODUCTS_DIR)/MyFirstApp.app/MyFirstApp";
			};
			name = Debug;
		};
		96077B1A1A345F9500217CA0 /* Release */ = {
			isa = XCBuildConfiguration;
			buildSettings = {
				BUNDLE_LOADER = "$(TEST_HOST)";
				FRAMEWORK_SEARCH_PATHS = (
					"$(SDKROOT)/Developer/Library/Frameworks",
					"$(inherited)",
				);
				INFOPLIST_FILE = MyFirstAppTests/Info.plist;
				LD_RUNPATH_SEARCH_PATHS = "$(inherited) @executable_path/Frameworks @loader_path/Frameworks";
				PRODUCT_NAME = "$(TARGET_NAME)";
				TEST_HOST = "$(BUILT_PRODUCTS_DIR)/MyFirstApp.app/MyFirstApp";
			};
			name = Release;
		};
/* End XCBuildConfiguration section */

/* Begin XCConfigurationList section */
		96077AF11A345F9500217CA0 /* Build configuration list for PBXProject "MyFirstApp" */ = {
			isa = XCConfigurationList;
			buildConfigurations = (
				96077B131A345F9500217CA0 /* Debug */,
				96077B141A345F9500217CA0 /* Release */,
			);
			defaultConfigurationIsVisible = 0;
			defaultConfigurationName = Release;
		};
		96077B151A345F9500217CA0 /* Build configuration list for PBXNativeTarget "MyFirstApp" */ = {
			isa = XCConfigurationList;
			buildConfigurations = (
				96077B161A345F9500217CA0 /* Debug */,
				96077B171A345F9500217CA0 /* Release */,
			);
			defaultConfigurationIsVisible = 0;
			defaultConfigurationName = Release;
		};
		96077B181A345F9500217CA0 /* Build configuration list for PBXNativeTarget "MyFirstAppTests" */ = {
			isa = XCConfigurationList;
			buildConfigurations = (
				96077B191A345F9500217CA0 /* Debug */,
				96077B1A1A345F9500217CA0 /* Release */,
			);
			defaultConfigurationIsVisible = 0;
			defaultConfigurationName = Release;
		};
/* End XCConfigurationList section */
	};
	rootObject = 96077AEE1A345F9500217CA0 /* Project object */;
}
